
Microsoft Visual Studio Solution File, Format Version 12.00
# Visual Studio Version 17
VisualStudioVersion = 17.11.35208.52
MinimumVisualStudioVersion = 10.0.40219.1
Project("{FAE04EC0-301F-11D3-BF4B-00C04F79EFBC}") = "FinalsApp", "FinalsApp\FinalsApp.csproj", "{B9228803-C841-41A7-BCF8-4C0DBBF04F07}"
EndProject
Global
	GlobalSection(SolutionConfigurationPlatforms) = preSolution
		Debug|Any CPU = Debug|Any CPU
		Release|Any CPU = Release|Any CPU
	EndGlobalSection
	GlobalSection(ProjectConfigurationPlatforms) = postSolution
		{B9228803-C841-41A7-BCF8-4C0DBBF04F07}.Debug|Any CPU.ActiveCfg = Debug|Any CPU
		{B9228803-C841-41A7-BCF8-4C0DBBF04F07}.Debug|Any CPU.Build.0 = Debug|Any CPU
		{B9228803-C841-41A7-BCF8-4C0DBBF04F07}.Release|Any CPU.ActiveCfg = Release|Any CPU
		{B9228803-C841-41A7-BCF8-4C0DBBF04F07}.Release|Any CPU.Build.0 = Release|Any CPU
	EndGlobalSection
	GlobalSection(SolutionProperties) = preSolution
		HideSolutionNode = FALSE
	EndGlobalSection
	GlobalSection(ExtensibilityGlobals) = postSolution
		SolutionGuid = {9A5704F6-A6D9-4905-94E8-3E3D883072B1}
	EndGlobalSection
EndGlobal
